
Microsoft Visual Studio Solution File, Format Version 12.00
# Visual Studio 2015
Project("{FAE04EC0-301F-11D3-BF4B-00C04F79EFBC}") = "MeshDeformer", "MeshDeformer.csproj", "{CEAA50C4-A8A3-0A70-7FFC-7342186DCD37}"
EndProject
Project("{FAE04EC0-301F-11D3-BF4B-00C04F79EFBC}") = "MeshDeformer.Editor", "MeshDeformer.Editor.csproj", "{E271CAF7-2C24-9ECF-FCC8-EF1386A7C7A8}"
EndProject
Global
	GlobalSection(SolutionConfigurationPlatforms) = preSolution
		Debug|Any CPU = Debug|Any CPU
		Release|Any CPU = Release|Any CPU
	EndGlobalSection
	GlobalSection(ProjectConfigurationPlatforms) = postSolution
		{CEAA50C4-A8A3-0A70-7FFC-7342186DCD37}.Debug|Any CPU.ActiveCfg = Debug|Any CPU
		{CEAA50C4-A8A3-0A70-7FFC-7342186DCD37}.Debug|Any CPU.Build.0 = Debug|Any CPU
		{CEAA50C4-A8A3-0A70-7FFC-7342186DCD37}.Release|Any CPU.ActiveCfg = Release|Any CPU
		{CEAA50C4-A8A3-0A70-7FFC-7342186DCD37}.Release|Any CPU.Build.0 = Release|Any CPU
		{E271CAF7-2C24-9ECF-FCC8-EF1386A7C7A8}.Debug|Any CPU.ActiveCfg = Debug|Any CPU
		{E271CAF7-2C24-9ECF-FCC8-EF1386A7C7A8}.Debug|Any CPU.Build.0 = Debug|Any CPU
		{E271CAF7-2C24-9ECF-FCC8-EF1386A7C7A8}.Release|Any CPU.ActiveCfg = Release|Any CPU
		{E271CAF7-2C24-9ECF-FCC8-EF1386A7C7A8}.Release|Any CPU.Build.0 = Release|Any CPU
	EndGlobalSection
	GlobalSection(SolutionProperties) = preSolution
		HideSolutionNode = FALSE
	EndGlobalSection
EndGlobal
