
Microsoft Visual Studio Solution File, Format Version 12.00
# Visual Studio 2015
Project("{FAE04EC0-301F-11D3-BF4B-00C04F79EFBC}") = "Unity_MeshDeformer", "Unity_MeshDeformer.csproj", "{DCF488AE-6900-B44A-0F66-6EFDDAC2E7D6}"
EndProject
Project("{FAE04EC0-301F-11D3-BF4B-00C04F79EFBC}") = "Unity_MeshDeformer.Editor", "Unity_MeshDeformer.Editor.csproj", "{75BD72E3-E972-0465-0B10-5C333069610E}"
EndProject
Global
	GlobalSection(SolutionConfigurationPlatforms) = preSolution
		Debug|Any CPU = Debug|Any CPU
		Release|Any CPU = Release|Any CPU
	EndGlobalSection
	GlobalSection(ProjectConfigurationPlatforms) = postSolution
		{DCF488AE-6900-B44A-0F66-6EFDDAC2E7D6}.Debug|Any CPU.ActiveCfg = Debug|Any CPU
		{DCF488AE-6900-B44A-0F66-6EFDDAC2E7D6}.Debug|Any CPU.Build.0 = Debug|Any CPU
		{DCF488AE-6900-B44A-0F66-6EFDDAC2E7D6}.Release|Any CPU.ActiveCfg = Release|Any CPU
		{DCF488AE-6900-B44A-0F66-6EFDDAC2E7D6}.Release|Any CPU.Build.0 = Release|Any CPU
		{75BD72E3-E972-0465-0B10-5C333069610E}.Debug|Any CPU.ActiveCfg = Debug|Any CPU
		{75BD72E3-E972-0465-0B10-5C333069610E}.Debug|Any CPU.Build.0 = Debug|Any CPU
		{75BD72E3-E972-0465-0B10-5C333069610E}.Release|Any CPU.ActiveCfg = Release|Any CPU
		{75BD72E3-E972-0465-0B10-5C333069610E}.Release|Any CPU.Build.0 = Release|Any CPU
	EndGlobalSection
	GlobalSection(SolutionProperties) = preSolution
		HideSolutionNode = FALSE
	EndGlobalSection
EndGlobal
